# This file is automatically @generated by Cargo.
# It is not intended for manual editing.
version = 3

[[package]]
name = "r_boot_arch_aarch64_mtk"
version = "0.1.0"

[[package]]
name = "r_boot_arch_x86_64_bios"
version = "0.0.0"

[[package]]
name = "r_boot_arch_x86_64_uefi"
version = "0.0.0"

[[package]]
name = "r_boot_arch_x86_bios"
version = "0.0.0"

[[package]]
name = "r_boot_common"
version = "0.0.0"
